
Microsoft Visual Studio Solution File, Format Version 12.00
# Visual Studio Version 17
VisualStudioVersion = 17.12.35514.174 d17.12
MinimumVisualStudioVersion = 10.0.40219.1
Project("{FAE04EC0-301F-11D3-BF4B-00C04F79EFBC}") = "Rent A Car.DAL", "Rent A Car.DAL\Rent A Car.DAL.csproj", "{55E1D5F5-8C87-4A4E-8812-3F21B212AC60}"
EndProject
Project("{FAE04EC0-301F-11D3-BF4B-00C04F79EFBC}") = "Rent A Car.CORE", "Rent A Car.CORE\Rent A Car.CORE.csproj", "{14BD4F59-842E-435B-BF18-6D2F3DDFB1C9}"
EndProject
Project("{FAE04EC0-301F-11D3-BF4B-00C04F79EFBC}") = "Rent A Car.MVC", "Rent A Car.MVC\Rent A Car.MVC.csproj", "{EFA1BD14-6CDD-4C61-95AF-A441F03C3D90}"
EndProject
Project("{FAE04EC0-301F-11D3-BF4B-00C04F79EFBC}") = "Rent A Car.BL", "Rent A Car.BL\Rent A Car.BL.csproj", "{87F0DF05-E97A-47BC-9055-654F1F5839F5}"
EndProject
Global
	GlobalSection(SolutionConfigurationPlatforms) = preSolution
		Debug|Any CPU = Debug|Any CPU
		Release|Any CPU = Release|Any CPU
	EndGlobalSection
	GlobalSection(ProjectConfigurationPlatforms) = postSolution
		{55E1D5F5-8C87-4A4E-8812-3F21B212AC60}.Debug|Any CPU.ActiveCfg = Debug|Any CPU
		{55E1D5F5-8C87-4A4E-8812-3F21B212AC60}.Debug|Any CPU.Build.0 = Debug|Any CPU
		{55E1D5F5-8C87-4A4E-8812-3F21B212AC60}.Release|Any CPU.ActiveCfg = Release|Any CPU
		{55E1D5F5-8C87-4A4E-8812-3F21B212AC60}.Release|Any CPU.Build.0 = Release|Any CPU
		{14BD4F59-842E-435B-BF18-6D2F3DDFB1C9}.Debug|Any CPU.ActiveCfg = Debug|Any CPU
		{14BD4F59-842E-435B-BF18-6D2F3DDFB1C9}.Debug|Any CPU.Build.0 = Debug|Any CPU
		{14BD4F59-842E-435B-BF18-6D2F3DDFB1C9}.Release|Any CPU.ActiveCfg = Release|Any CPU
		{14BD4F59-842E-435B-BF18-6D2F3DDFB1C9}.Release|Any CPU.Build.0 = Release|Any CPU
		{EFA1BD14-6CDD-4C61-95AF-A441F03C3D90}.Debug|Any CPU.ActiveCfg = Debug|Any CPU
		{EFA1BD14-6CDD-4C61-95AF-A441F03C3D90}.Debug|Any CPU.Build.0 = Debug|Any CPU
		{EFA1BD14-6CDD-4C61-95AF-A441F03C3D90}.Release|Any CPU.ActiveCfg = Release|Any CPU
		{EFA1BD14-6CDD-4C61-95AF-A441F03C3D90}.Release|Any CPU.Build.0 = Release|Any CPU
		{87F0DF05-E97A-47BC-9055-654F1F5839F5}.Debug|Any CPU.ActiveCfg = Debug|Any CPU
		{87F0DF05-E97A-47BC-9055-654F1F5839F5}.Debug|Any CPU.Build.0 = Debug|Any CPU
		{87F0DF05-E97A-47BC-9055-654F1F5839F5}.Release|Any CPU.ActiveCfg = Release|Any CPU
		{87F0DF05-E97A-47BC-9055-654F1F5839F5}.Release|Any CPU.Build.0 = Release|Any CPU
	EndGlobalSection
	GlobalSection(SolutionProperties) = preSolution
		HideSolutionNode = FALSE
	EndGlobalSection
EndGlobal
